PODS:
  - XALFrameworksRelease (0.0.1):
    - XALFrameworksRelease/lesson (= 0.0.1)
  - XALFrameworksRelease/lesson (0.0.1)

DEPENDENCIES:
  - XALFrameworksRelease (from `../`)

EXTERNAL SOURCES:
  XALFrameworksRelease:
    :path: "../"

SPEC CHECKSUMS:
  XALFrameworksRelease: 78ee2bc9e4d167a8e544133ebc86b684fde80725

PODFILE CHECKSUM: d18eb6c9dc36de106de66822a88aa4c8205db2cd

COCOAPODS: 1.8.4
